// !$*UTF8*$!
{
	archiveVersion = 1;
	classes = {
	};
	objectVersion = 77;
	objects = {

/* Begin PBXBuildFile section */
		CEFBA33A2F7517F200D0FBA3 /* HaishinKit in Frameworks */ = {isa = PBXBuildFile; productRef = 575FD031DB35C037E057D453 /* HaishinKit */; };
/* End PBXBuildFile section */

/* Begin PBXContainerItemProxy section */
		CEFBA31E2F75174400D0FBA3 /* PBXContainerItemProxy */ = {
			isa = PBXContainerItemProxy;
			containerPortal = CEFBA3062F75174300D0FBA3 /* Project object */;
			proxyType = 1;
			remoteGlobalIDString = CEFBA30D2F75174300D0FBA3;
			remoteInfo = DualCast;
		};
		CEFBA3282F75174400D0FBA3 /* PBXContainerItemProxy */ = {
			isa = PBXContainerItemProxy;
			containerPortal = CEFBA3062F75174300D0FBA3 /* Project object */;
			proxyType = 1;
			remoteGlobalIDString = CEFBA30D2F75174300D0FBA3;
			remoteInfo = DualCast;
		};
/* End PBXContainerItemProxy section */

/* Begin PBXFileReference section */
		CEFBA30E2F75174300D0FBA3 /* DualCast.app */ = {isa = PBXFileReference; explicitFileType = wrapper.application; includeInIndex = 0; path = DualCast.app; sourceTree = BUILT_PRODUCTS_DIR; };
		CEFBA31D2F75174400D0FBA3 /* DualCastTests.xctest */ = {isa = PBXFileReference; explicitFileType = wrapper.cfbundle; includeInIndex = 0; path = DualCastTests.xctest; sourceTree = BUILT_PRODUCTS_DIR; };
		CEFBA3272F75174400D0FBA3 /* DualCastUITests.xctest */ = {isa = PBXFileReference; explicitFileType = wrapper.cfbundle; includeInIndex = 0; path = DualCastUITests.xctest; sourceTree = BUILT_PRODUCTS_DIR; };
/* End PBXFileReference section */

/* Begin PBXFileSystemSynchronizedRootGroup section */
		CEFBA3102F75174300D0FBA3 /* DualCast */ = {
			isa = PBXFileSystemSynchronizedRootGroup;
			path = DualCast;
			sourceTree = "<group>";
		};
		CEFBA3202F75174400D0FBA3 /* DualCastTests */ = {
			isa = PBXFileSystemSynchronizedRootGroup;
			path = DualCastTests;
			sourceTree = "<group>";
		};
		CEFBA32A2F75174400D0FBA3 /* DualCastUITests */ = {
			isa = PBXFileSystemSynchronizedRootGroup;
			path = DualCastUITests;
			sourceTree = "<group>";
		};
/* End PBXFileSystemSynchronizedRootGroup section */

/* Begin PBXFrameworksBuildPhase section */
		CEFBA30B2F75174300D0FBA3 /* Frameworks */ = {
			isa = PBXFrameworksBuildPhase;
			buildActionMask = 2147483647;
			files = (
				CEFBA33A2F7517F200D0FBA3 /* HaishinKit in Frameworks */,
			);
			runOnlyForDeploymentPostprocessing = 0;
		};
		CEFBA31A2F75174400D0FBA3 /* Frameworks */ = {
			isa = PBXFrameworksBuildPhase;
			buildActionMask = 2147483647;
			files = (
			);
			runOnlyForDeploymentPostprocessing = 0;
		};
		CEFBA3242F75174400D0FBA3 /* Frameworks */ = {
			isa = PBXFrameworksBuildPhase;
			buildActionMask = 2147483647;
			files = (
			);
			runOnlyForDeploymentPostprocessing = 0;
		};
/* End PBXFrameworksBuildPhase section */

/* Begin PBXGroup section */
		CEFBA3052F75174300D0FBA3 = {
			isa = PBXGroup;
			children = (
				CEFBA3102F75174300D0FBA3 /* DualCast */,
				CEFBA3202F75174400D0FBA3 /* DualCastTests */,
				CEFBA32A2F75174400D0FBA3 /* DualCastUITests */,
				CEFBA30F2F75174300D0FBA3 /* Products */,
			);
			sourceTree = "<group>";
		};
		CEFBA30F2F75174300D0FBA3 /* Products */ = {
			isa = PBXGroup;
			children = (
				CEFBA30E2F75174300D0FBA3 /* DualCast.app */,
				CEFBA31D2F75174400D0FBA3 /* DualCastTests.xctest */,
				CEFBA3272F75174400D0FBA3 /* DualCastUITests.xctest */,
			);
			name = Products;
			sourceTree = "<group>";
		};
/* End PBXGroup section */

/* Begin PBXNativeTarget section */
		CEFBA30D2F75174300D0FBA3 /* DualCast */ = {
			isa = PBXNativeTarget;
			buildConfigurationList = CEFBA3312F75174500D0FBA3 /* Build configuration list for PBXNativeTarget "DualCast" */;
			buildPhases = (
				CEFBA30A2F75174300D0FBA3 /* Sources */,
				CEFBA30B2F75174300D0FBA3 /* Frameworks */,
				CEFBA30C2F75174300D0FBA3 /* Resources */,
			);
			buildRules = (
			);
			dependencies = (
			);
			fileSystemSynchronizedGroups = (
				CEFBA3102F75174300D0FBA3 /* DualCast */,
			);
			name = DualCast;
			packageProductDependencies = (
				575FD031DB35C037E057D453 /* HaishinKit */,
			);
			productName = DualCast;
			productReference = CEFBA30E2F75174300D0FBA3 /* DualCast.app */;
			productType = "com.apple.product-type.application";
		};
		CEFBA31C2F75174400D0FBA3 /* DualCastTests */ = {
			isa = PBXNativeTarget;
			buildConfigurationList = CEFBA3342F75174500D0FBA3 /* Build configuration list for PBXNativeTarget "DualCastTests" */;
			buildPhases = (
				CEFBA3192F75174400D0FBA3 /* Sources */,
				CEFBA31A2F75174400D0FBA3 /* Frameworks */,
				CEFBA31B2F75174400D0FBA3 /* Resources */,
			);
			buildRules = (
			);
			dependencies = (
				CEFBA31F2F75174400D0FBA3 /* PBXTargetDependency */,
			);
			fileSystemSynchronizedGroups = (
				CEFBA3202F75174400D0FBA3 /* DualCastTests */,
			);
			name = DualCastTests;
			productName = DualCastTests;
			productReference = CEFBA31D2F75174400D0FBA3 /* DualCastTests.xctest */;
			productType = "com.apple.product-type.bundle.unit-test";
		};
		CEFBA3262F75174400D0FBA3 /* DualCastUITests */ = {
			isa = PBXNativeTarget;
			buildConfigurationList = CEFBA3372F75174500D0FBA3 /* Build configuration list for PBXNativeTarget "DualCastUITests" */;
			buildPhases = (
				CEFBA3232F75174400D0FBA3 /* Sources */,
				CEFBA3242F75174400D0FBA3 /* Frameworks */,
				CEFBA3252F75174400D0FBA3 /* Resources */,
			);
			buildRules = (
			);
			dependencies = (
				CEFBA3292F75174400D0FBA3 /* PBXTargetDependency */,
			);
			fileSystemSynchronizedGroups = (
				CEFBA32A2F75174400D0FBA3 /* DualCastUITests */,
			);
			name = DualCastUITests;
			productName = DualCastUITests;
			productReference = CEFBA3272F75174400D0FBA3 /* DualCastUITests.xctest */;
			productType = "com.apple.product-type.bundle.ui-testing";
		};
/* End PBXNativeTarget section */

/* Begin PBXProject section */
		CEFBA3062F75174300D0FBA3 /* Project object */ = {
			isa = PBXProject;
			attributes = {
				BuildIndependentTargetsInParallel = 1;
				LastSwiftUpdateCheck = 2640;
				LastUpgradeCheck = 2640;
				TargetAttributes = {
					CEFBA30D2F75174300D0FBA3 = {
						CreatedOnToolsVersion = 26.4;
					};
					CEFBA31C2F75174400D0FBA3 = {
						CreatedOnToolsVersion = 26.4;
						TestTargetID = CEFBA30D2F75174300D0FBA3;
					};
					CEFBA3262F75174400D0FBA3 = {
						CreatedOnToolsVersion = 26.4;
						TestTargetID = CEFBA30D2F75174300D0FBA3;
					};
				};
			};
			buildConfigurationList = CEFBA3092F75174300D0FBA3 /* Build configuration list for PBXProject "DualCast" */;
			developmentRegion = en;
			hasScannedForEncodings = 0;
			knownRegions = (
				en,
				Base,
			);
			mainGroup = CEFBA3052F75174300D0FBA3;
			minimizedProjectReferenceProxies = 1;
			packageReferences = (
				6B6E70770979F6017070DE7F /* XCRemoteSwiftPackageReference "HaishinKit.swift" */,
			);
			preferredProjectObjectVersion = 77;
			productRefGroup = CEFBA30F2F75174300D0FBA3 /* Products */;
			projectDirPath = "";
			projectRoot = "";
			targets = (
				CEFBA30D2F75174300D0FBA3 /* DualCast */,
				CEFBA31C2F75174400D0FBA3 /* DualCastTests */,
				CEFBA3262F75174400D0FBA3 /* DualCastUITests */,
			);
		};
/* End PBXProject section */

/* Begin PBXResourcesBuildPhase section */
		CEFBA30C2F75174300D0FBA3 /* Resources */ = {
			isa = PBXResourcesBuildPhase;
			buildActionMask = 2147483647;
			files = (
			);
			runOnlyForDeploymentPostprocessing = 0;
		};
		CEFBA31B2F75174400D0FBA3 /* Resources */ = {
			isa = PBXResourcesBuildPhase;
			buildActionMask = 2147483647;
			files = (
			);
			runOnlyForDeploymentPostprocessing = 0;
		};
		CEFBA3252F75174400D0FBA3 /* Resources */ = {
			isa = PBXResourcesBuildPhase;
			buildActionMask = 2147483647;
			files = (
			);
			runOnlyForDeploymentPostprocessing = 0;
		};
/* End PBXResourcesBuildPhase section */

/* Begin PBXSourcesBuildPhase section */
		CEFBA30A2F75174300D0FBA3 /* Sources */ = {
			isa = PBXSourcesBuildPhase;
			buildActionMask = 2147483647;
			files = (
			);
			runOnlyForDeploymentPostprocessing = 0;
		};
		CEFBA3192F75174400D0FBA3 /* Sources */ = {
			isa = PBXSourcesBuildPhase;
			buildActionMask = 2147483647;
			files = (
			);
			runOnlyForDeploymentPostprocessing = 0;
		};
		CEFBA3232F75174400D0FBA3 /* Sources */ = {
			isa = PBXSourcesBuildPhase;
			buildActionMask = 2147483647;
			files = (
			);
			runOnlyForDeploymentPostprocessing = 0;
		};
/* End PBXSourcesBuildPhase section */

/* Begin PBXTargetDependency section */
		CEFBA31F2F75174400D0FBA3 /* PBXTargetDependency */ = {
			isa = PBXTargetDependency;
			target = CEFBA30D2F75174300D0FBA3 /* DualCast */;
			targetProxy = CEFBA31E2F75174400D0FBA3 /* PBXContainerItemProxy */;
		};
		CEFBA3292F75174400D0FBA3 /* PBXTargetDependency */ = {
			isa = PBXTargetDependency;
			target = CEFBA30D2F75174300D0FBA3 /* DualCast */;
			targetProxy = CEFBA3282F75174400D0FBA3 /* PBXContainerItemProxy */;
		};
/* End PBXTargetDependency section */

/* Begin XCBuildConfiguration section */
		CEFBA32F2F75174500D0FBA3 /* Debug */ = {
			isa = XCBuildConfiguration;
			buildSettings = {
				ALWAYS_SEARCH_USER_PATHS = NO;
				ASSETCATALOG_COMPILER_GENERATE_SWIFT_ASSET_SYMBOL_EXTENSIONS = YES;
				CLANG_ANALYZER_NONNULL = YES;
				CLANG_ANALYZER_NUMBER_OBJECT_CONVERSION = YES_AGGRESSIVE;
				CLANG_CXX_LANGUAGE_STANDARD = "gnu++20";
				CLANG_ENABLE_MODULES = YES;
				CLANG_ENABLE_OBJC_ARC = YES;
				CLANG_ENABLE_OBJC_WEAK = YES;
				CLANG_WARN_BLOCK_CAPTURE_AUTORELEASING = YES;
				CLANG_WARN_BOOL_CONVERSION = YES;
				CLANG_WARN_COMMA = YES;
				CLANG_WARN_CONSTANT_CONVERSION = YES;
				CLANG_WARN_DEPRECATED_OBJC_IMPLEMENTATIONS = YES;
				CLANG_WARN_DIRECT_OBJC_ISA_USAGE = YES_ERROR;
				CLANG_WARN_DOCUMENTATION_COMMENTS = YES;
				CLANG_WARN_EMPTY_BODY = YES;
				CLANG_WARN_ENUM_CONVERSION = YES;
				CLANG_WARN_INFINITE_RECURSION = YES;
				CLANG_WARN_INT_CONVERSION = YES;
				CLANG_WARN_NON_LITERAL_NULL_CONVERSION = YES;
				CLANG_WARN_OBJC_IMPLICIT_RETAIN_SELF = YES;
				CLANG_WARN_OBJC_LITERAL_CONVERSION = YES;
				CLANG_WARN_OBJC_ROOT_CLASS = YES_ERROR;
				CLANG_WARN_QUOTED_INCLUDE_IN_FRAMEWORK_HEADER = YES;
				CLANG_WARN_RANGE_LOOP_ANALYSIS = YES;
				CLANG_WARN_STRICT_PROTOTYPES = YES;
				CLANG_WARN_SUSPICIOUS_MOVE = YES;
				CLANG_WARN_UNGUARDED_AVAILABILITY = YES_AGGRESSIVE;
				CLANG_WARN_UNREACHABLE_CODE = YES;
				CLANG_WARN__DUPLICATE_METHOD_MATCH = YES;
				COPY_PHASE_STRIP = NO;
				DEBUG_INFORMATION_FORMAT = dwarf;
				DEVELOPMENT_TEAM = X34PNK9X44;
				ENABLE_STRICT_OBJC_MSGSEND = YES;
				ENABLE_TESTABILITY = YES;
				ENABLE_USER_SCRIPT_SANDBOXING = YES;
				GCC_C_LANGUAGE_STANDARD = gnu17;
				GCC_DYNAMIC_NO_PIC = NO;
				GCC_NO_COMMON_BLOCKS = YES;
				GCC_OPTIMIZATION_LEVEL = 0;
				GCC_PREPROCESSOR_DEFINITIONS = (
					"DEBUG=1",
					"$(inherited)",
				);
				GCC_WARN_64_TO_32_BIT_CONVERSION = YES;
				GCC_WARN_ABOUT_RETURN_TYPE = YES_ERROR;
				GCC_WARN_UNDECLARED_SELECTOR = YES;
				GCC_WARN_UNINITIALIZED_AUTOS = YES_AGGRESSIVE;
				GCC_WARN_UNUSED_FUNCTION = YES;
				GCC_WARN_UNUSED_VARIABLE = YES;
				IPHONEOS_DEPLOYMENT_TARGET = 26.4;
				LOCALIZATION_PREFERS_STRING_CATALOGS = YES;
				MTL_ENABLE_DEBUG_INFO = INCLUDE_SOURCE;
				MTL_FAST_MATH = YES;
				ONLY_ACTIVE_ARCH = YES;
				SDKROOT = iphoneos;
				SWIFT_ACTIVE_COMPILATION_CONDITIONS = "DEBUG $(inherited)";
				SWIFT_OPTIMIZATION_LEVEL = "-Onone";
			};
			name = Debug;
		};
		CEFBA3302F75174500D0FBA3 /* Release */ = {
			isa = XCBuildConfiguration;
			buildSettings = {
				ALWAYS_SEARCH_USER_PATHS = NO;
				ASSETCATALOG_COMPILER_GENERATE_SWIFT_ASSET_SYMBOL_EXTENSIONS = YES;
				CLANG_ANALYZER_NONNULL = YES;
				CLANG_ANALYZER_NUMBER_OBJECT_CONVERSION = YES_AGGRESSIVE;
				CLANG_CXX_LANGUAGE_STANDARD = "gnu++20";
				CLANG_ENABLE_MODULES = YES;
				CLANG_ENABLE_OBJC_ARC = YES;
				CLANG_ENABLE_OBJC_WEAK = YES;
				CLANG_WARN_BLOCK_CAPTURE_AUTORELEASING = YES;
				CLANG_WARN_BOOL_CONVERSION = YES;
				CLANG_WARN_COMMA = YES;
				CLANG_WARN_CONSTANT_CONVERSION = YES;
				CLANG_WARN_DEPRECATED_OBJC_IMPLEMENTATIONS = YES;
				CLANG_WARN_DIRECT_OBJC_ISA_USAGE = YES_ERROR;
				CLANG_WARN_DOCUMENTATION_COMMENTS = YES;
				CLANG_WARN_EMPTY_BODY = YES;
				CLANG_WARN_ENUM_CONVERSION = YES;
				CLANG_WARN_INFINITE_RECURSION = YES;
				CLANG_WARN_INT_CONVERSION = YES;
				CLANG_WARN_NON_LITERAL_NULL_CONVERSION = YES;
				CLANG_WARN_OBJC_IMPLICIT_RETAIN_SELF = YES;
				CLANG_WARN_OBJC_LITERAL_CONVERSION = YES;
				CLANG_WARN_OBJC_ROOT_CLASS = YES_ERROR;
				CLANG_WARN_QUOTED_INCLUDE_IN_FRAMEWORK_HEADER = YES;
				CLANG_WARN_RANGE_LOOP_ANALYSIS = YES;
				CLANG_WARN_STRICT_PROTOTYPES = YES;
				CLANG_WARN_SUSPICIOUS_MOVE = YES;
				CLANG_WARN_UNGUARDED_AVAILABILITY = YES_AGGRESSIVE;
				CLANG_WARN_UNREACHABLE_CODE = YES;
				CLANG_WARN__DUPLICATE_METHOD_MATCH = YES;
				COPY_PHASE_STRIP = NO;
				DEBUG_INFORMATION_FORMAT = "dwarf-with-dsym";
				DEVELOPMENT_TEAM = X34PNK9X44;
				ENABLE_NS_ASSERTIONS = NO;
				ENABLE_STRICT_OBJC_MSGSEND = YES;
				ENABLE_USER_SCRIPT_SANDBOXING = YES;
				GCC_C_LANGUAGE_STANDARD = gnu17;
				GCC_NO_COMMON_BLOCKS = YES;
				GCC_WARN_64_TO_32_BIT_CONVERSION = YES;
				GCC_WARN_ABOUT_RETURN_TYPE = YES_ERROR;
				GCC_WARN_UNDECLARED_SELECTOR = YES;
				GCC_WARN_UNINITIALIZED_AUTOS = YES_AGGRESSIVE;
				GCC_WARN_UNUSED_FUNCTION = YES;
				GCC_WARN_UNUSED_VARIABLE = YES;
				IPHONEOS_DEPLOYMENT_TARGET = 26.4;
				LOCALIZATION_PREFERS_STRING_CATALOGS = YES;
				MTL_ENABLE_DEBUG_INFO = NO;
				MTL_FAST_MATH = YES;
				SDKROOT = iphoneos;
				SWIFT_COMPILATION_MODE = wholemodule;
				VALIDATE_PRODUCT = YES;
			};
			name = Release;
		};
		CEFBA3322F75174500D0FBA3 /* Debug */ = {
			isa = XCBuildConfiguration;
			buildSettings = {
				ASSETCATALOG_COMPILER_APPICON_NAME = AppIcon;
				ASSETCATALOG_COMPILER_GLOBAL_ACCENT_COLOR_NAME = AccentColor;
				CODE_SIGN_STYLE = Automatic;
				CURRENT_PROJECT_VERSION = 1;
				DEVELOPMENT_TEAM = X34PNK9X44;
				ENABLE_PREVIEWS = YES;
				GENERATE_INFOPLIST_FILE = YES;
				INFOPLIST_KEY_NSCameraUsageDescription = "DualCast needs camera access to stream your road trip.";
				INFOPLIST_KEY_NSMicrophoneUsageDescription = "DualCast needs microphone access to capture streaming audio.";
				INFOPLIST_KEY_UIApplicationSceneManifest_Generation = YES;
				INFOPLIST_KEY_UIApplicationSupportsIndirectInputEvents = YES;
				INFOPLIST_KEY_UIBackgroundModes = "audio location";
				INFOPLIST_KEY_UILaunchScreen_Generation = YES;
				INFOPLIST_KEY_UISupportedInterfaceOrientations_iPad = "UIInterfaceOrientationLandscapeLeft UIInterfaceOrientationLandscapeRight";
				INFOPLIST_KEY_UISupportedInterfaceOrientations_iPhone = "UIInterfaceOrientationLandscapeLeft UIInterfaceOrientationLandscapeRight";
				LD_RUNPATH_SEARCH_PATHS = (
					"$(inherited)",
					"@executable_path/Frameworks",
				);
				MARKETING_VERSION = 1.0;
				PRODUCT_BUNDLE_IDENTIFIER = wtf.jobe.DualCast;
				PRODUCT_NAME = "$(TARGET_NAME)";
				STRING_CATALOG_GENERATE_SYMBOLS = YES;
				SWIFT_APPROACHABLE_CONCURRENCY = YES;
				SWIFT_DEFAULT_ACTOR_ISOLATION = MainActor;
				SWIFT_EMIT_LOC_STRINGS = YES;
				SWIFT_UPCOMING_FEATURE_MEMBER_IMPORT_VISIBILITY = YES;
				SWIFT_VERSION = 5.0;
				TARGETED_DEVICE_FAMILY = "1,2";
			};
			name = Debug;
		};
		CEFBA3332F75174500D0FBA3 /* Release */ = {
			isa = XCBuildConfiguration;
			buildSettings = {
				ASSETCATALOG_COMPILER_APPICON_NAME = AppIcon;
				ASSETCATALOG_COMPILER_GLOBAL_ACCENT_COLOR_NAME = AccentColor;
				CODE_SIGN_STYLE = Automatic;
				CURRENT_PROJECT_VERSION = 1;
				DEVELOPMENT_TEAM = X34PNK9X44;
				ENABLE_PREVIEWS = YES;
				GENERATE_INFOPLIST_FILE = YES;
				INFOPLIST_KEY_NSCameraUsageDescription = "DualCast needs camera access to stream your road trip.";
				INFOPLIST_KEY_NSMicrophoneUsageDescription = "DualCast needs microphone access to capture streaming audio.";
				INFOPLIST_KEY_UIApplicationSceneManifest_Generation = YES;
				INFOPLIST_KEY_UIApplicationSupportsIndirectInputEvents = YES;
				INFOPLIST_KEY_UIBackgroundModes = "audio location";
				INFOPLIST_KEY_UILaunchScreen_Generation = YES;
				INFOPLIST_KEY_UISupportedInterfaceOrientations_iPad = "UIInterfaceOrientationLandscapeLeft UIInterfaceOrientationLandscapeRight";
				INFOPLIST_KEY_UISupportedInterfaceOrientations_iPhone = "UIInterfaceOrientationLandscapeLeft UIInterfaceOrientationLandscapeRight";
				LD_RUNPATH_SEARCH_PATHS = (
					"$(inherited)",
					"@executable_path/Frameworks",
				);
				MARKETING_VERSION = 1.0;
				PRODUCT_BUNDLE_IDENTIFIER = wtf.jobe.DualCast;
				PRODUCT_NAME = "$(TARGET_NAME)";
				STRING_CATALOG_GENERATE_SYMBOLS = YES;
				SWIFT_APPROACHABLE_CONCURRENCY = YES;
				SWIFT_DEFAULT_ACTOR_ISOLATION = MainActor;
				SWIFT_EMIT_LOC_STRINGS = YES;
				SWIFT_UPCOMING_FEATURE_MEMBER_IMPORT_VISIBILITY = YES;
				SWIFT_VERSION = 5.0;
				TARGETED_DEVICE_FAMILY = "1,2";
			};
			name = Release;
		};
		CEFBA3352F75174500D0FBA3 /* Debug */ = {
			isa = XCBuildConfiguration;
			buildSettings = {
				BUNDLE_LOADER = "$(TEST_HOST)";
				CODE_SIGN_STYLE = Automatic;
				CURRENT_PROJECT_VERSION = 1;
				DEVELOPMENT_TEAM = X34PNK9X44;
				GENERATE_INFOPLIST_FILE = YES;
				INFOPLIST_KEY_NSCameraUsageDescription = "DualCast needs camera access to stream your road trip.";
				INFOPLIST_KEY_NSMicrophoneUsageDescription = "DualCast needs microphone access to capture streaming audio.";
				INFOPLIST_KEY_UIBackgroundModes = "audio location";
				INFOPLIST_KEY_UISupportedInterfaceOrientations_iPad = "UIInterfaceOrientationLandscapeLeft UIInterfaceOrientationLandscapeRight";
				INFOPLIST_KEY_UISupportedInterfaceOrientations_iPhone = "UIInterfaceOrientationLandscapeLeft UIInterfaceOrientationLandscapeRight";
				IPHONEOS_DEPLOYMENT_TARGET = 26.4;
				MARKETING_VERSION = 1.0;
				PRODUCT_BUNDLE_IDENTIFIER = wtf.jobe.DualCastTests;
				PRODUCT_NAME = "$(TARGET_NAME)";
				STRING_CATALOG_GENERATE_SYMBOLS = NO;
				SWIFT_APPROACHABLE_CONCURRENCY = YES;
				SWIFT_EMIT_LOC_STRINGS = NO;
				SWIFT_UPCOMING_FEATURE_MEMBER_IMPORT_VISIBILITY = YES;
				SWIFT_VERSION = 5.0;
				TARGETED_DEVICE_FAMILY = "1,2";
				TEST_HOST = "$(BUILT_PRODUCTS_DIR)/DualCast.app/$(BUNDLE_EXECUTABLE_FOLDER_PATH)/DualCast";
			};
			name = Debug;
		};
		CEFBA3362F75174500D0FBA3 /* Release */ = {
			isa = XCBuildConfiguration;
			buildSettings = {
				BUNDLE_LOADER = "$(TEST_HOST)";
				CODE_SIGN_STYLE = Automatic;
				CURRENT_PROJECT_VERSION = 1;
				DEVELOPMENT_TEAM = X34PNK9X44;
				GENERATE_INFOPLIST_FILE = YES;
				INFOPLIST_KEY_NSCameraUsageDescription = "DualCast needs camera access to stream your road trip.";
				INFOPLIST_KEY_NSMicrophoneUsageDescription = "DualCast needs microphone access to capture streaming audio.";
				INFOPLIST_KEY_UIBackgroundModes = "audio location";
				INFOPLIST_KEY_UISupportedInterfaceOrientations_iPad = "UIInterfaceOrientationLandscapeLeft UIInterfaceOrientationLandscapeRight";
				INFOPLIST_KEY_UISupportedInterfaceOrientations_iPhone = "UIInterfaceOrientationLandscapeLeft UIInterfaceOrientationLandscapeRight";
				IPHONEOS_DEPLOYMENT_TARGET = 26.4;
				MARKETING_VERSION = 1.0;
				PRODUCT_BUNDLE_IDENTIFIER = wtf.jobe.DualCastTests;
				PRODUCT_NAME = "$(TARGET_NAME)";
				STRING_CATALOG_GENERATE_SYMBOLS = NO;
				SWIFT_APPROACHABLE_CONCURRENCY = YES;
				SWIFT_EMIT_LOC_STRINGS = NO;
				SWIFT_UPCOMING_FEATURE_MEMBER_IMPORT_VISIBILITY = YES;
				SWIFT_VERSION = 5.0;
				TARGETED_DEVICE_FAMILY = "1,2";
				TEST_HOST = "$(BUILT_PRODUCTS_DIR)/DualCast.app/$(BUNDLE_EXECUTABLE_FOLDER_PATH)/DualCast";
			};
			name = Release;
		};
		CEFBA3382F75174500D0FBA3 /* Debug */ = {
			isa = XCBuildConfiguration;
			buildSettings = {
				CODE_SIGN_STYLE = Automatic;
				CURRENT_PROJECT_VERSION = 1;
				DEVELOPMENT_TEAM = X34PNK9X44;
				GENERATE_INFOPLIST_FILE = YES;
				INFOPLIST_KEY_NSCameraUsageDescription = "DualCast needs camera access to stream your road trip.";
				INFOPLIST_KEY_NSMicrophoneUsageDescription = "DualCast needs microphone access to capture streaming audio.";
				INFOPLIST_KEY_UIBackgroundModes = "audio location";
				INFOPLIST_KEY_UISupportedInterfaceOrientations_iPad = "UIInterfaceOrientationLandscapeLeft UIInterfaceOrientationLandscapeRight";
				INFOPLIST_KEY_UISupportedInterfaceOrientations_iPhone = "UIInterfaceOrientationLandscapeLeft UIInterfaceOrientationLandscapeRight";
				MARKETING_VERSION = 1.0;
				PRODUCT_BUNDLE_IDENTIFIER = wtf.jobe.DualCastUITests;
				PRODUCT_NAME = "$(TARGET_NAME)";
				STRING_CATALOG_GENERATE_SYMBOLS = NO;
				SWIFT_APPROACHABLE_CONCURRENCY = YES;
				SWIFT_EMIT_LOC_STRINGS = NO;
				SWIFT_UPCOMING_FEATURE_MEMBER_IMPORT_VISIBILITY = YES;
				SWIFT_VERSION = 5.0;
				TARGETED_DEVICE_FAMILY = "1,2";
				TEST_TARGET_NAME = DualCast;
			};
			name = Debug;
		};
		CEFBA3392F75174500D0FBA3 /* Release */ = {
			isa = XCBuildConfiguration;
			buildSettings = {
				CODE_SIGN_STYLE = Automatic;
				CURRENT_PROJECT_VERSION = 1;
				DEVELOPMENT_TEAM = X34PNK9X44;
				GENERATE_INFOPLIST_FILE = YES;
				INFOPLIST_KEY_NSCameraUsageDescription = "DualCast needs camera access to stream your road trip.";
				INFOPLIST_KEY_NSMicrophoneUsageDescription = "DualCast needs microphone access to capture streaming audio.";
				INFOPLIST_KEY_UIBackgroundModes = "audio location";
				INFOPLIST_KEY_UISupportedInterfaceOrientations_iPad = "UIInterfaceOrientationLandscapeLeft UIInterfaceOrientationLandscapeRight";
				INFOPLIST_KEY_UISupportedInterfaceOrientations_iPhone = "UIInterfaceOrientationLandscapeLeft UIInterfaceOrientationLandscapeRight";
				MARKETING_VERSION = 1.0;
				PRODUCT_BUNDLE_IDENTIFIER = wtf.jobe.DualCastUITests;
				PRODUCT_NAME = "$(TARGET_NAME)";
				STRING_CATALOG_GENERATE_SYMBOLS = NO;
				SWIFT_APPROACHABLE_CONCURRENCY = YES;
				SWIFT_EMIT_LOC_STRINGS = NO;
				SWIFT_UPCOMING_FEATURE_MEMBER_IMPORT_VISIBILITY = YES;
				SWIFT_VERSION = 5.0;
				TARGETED_DEVICE_FAMILY = "1,2";
				TEST_TARGET_NAME = DualCast;
			};
			name = Release;
		};
/* End XCBuildConfiguration section */

/* Begin XCConfigurationList section */
		CEFBA3092F75174300D0FBA3 /* Build configuration list for PBXProject "DualCast" */ = {
			isa = XCConfigurationList;
			buildConfigurations = (
				CEFBA32F2F75174500D0FBA3 /* Debug */,
				CEFBA3302F75174500D0FBA3 /* Release */,
			);
			defaultConfigurationIsVisible = 0;
			defaultConfigurationName = Release;
		};
		CEFBA3312F75174500D0FBA3 /* Build configuration list for PBXNativeTarget "DualCast" */ = {
			isa = XCConfigurationList;
			buildConfigurations = (
				CEFBA3322F75174500D0FBA3 /* Debug */,
				CEFBA3332F75174500D0FBA3 /* Release */,
			);
			defaultConfigurationIsVisible = 0;
			defaultConfigurationName = Release;
		};
		CEFBA3342F75174500D0FBA3 /* Build configuration list for PBXNativeTarget "DualCastTests" */ = {
			isa = XCConfigurationList;
			buildConfigurations = (
				CEFBA3352F75174500D0FBA3 /* Debug */,
				CEFBA3362F75174500D0FBA3 /* Release */,
			);
			defaultConfigurationIsVisible = 0;
			defaultConfigurationName = Release;
		};
		CEFBA3372F75174500D0FBA3 /* Build configuration list for PBXNativeTarget "DualCastUITests" */ = {
			isa = XCConfigurationList;
			buildConfigurations = (
				CEFBA3382F75174500D0FBA3 /* Debug */,
				CEFBA3392F75174500D0FBA3 /* Release */,
			);
			defaultConfigurationIsVisible = 0;
			defaultConfigurationName = Release;
		};
/* End XCConfigurationList section */

/* Begin XCRemoteSwiftPackageReference section */
		6B6E70770979F6017070DE7F /* XCRemoteSwiftPackageReference "HaishinKit.swift" */ = {
			isa = XCRemoteSwiftPackageReference;
			repositoryURL = "https://github.com/shogo4405/HaishinKit.swift.git";
			requirement = {
				kind = upToNextMajorVersion;
				minimumVersion = 1.9.0;
			};
		};
/* End XCRemoteSwiftPackageReference section */

/* Begin XCSwiftPackageProductDependency section */
		575FD031DB35C037E057D453 /* HaishinKit */ = {
			isa = XCSwiftPackageProductDependency;
			package = 6B6E70770979F6017070DE7F /* XCRemoteSwiftPackageReference "HaishinKit.swift" */;
			productName = HaishinKit;
		};
/* End XCSwiftPackageProductDependency section */
	};
	rootObject = CEFBA3062F75174300D0FBA3 /* Project object */;
}
